
Microsoft Visual Studio Solution File, Format Version 12.00
# Visual Studio 2017
Project("{FAE04EC0-301F-11D3-BF4B-00C04F79EFBC}") = "DrunkenMan", "DrunkenMan.csproj", "{81864028-37A6-710C-E325-6C2436DDA19D}"
EndProject
Global
	GlobalSection(SolutionConfigurationPlatforms) = preSolution
		Debug|Any CPU = Debug|Any CPU
		Release|Any CPU = Release|Any CPU
	EndGlobalSection
	GlobalSection(ProjectConfigurationPlatforms) = postSolution
		{81864028-37A6-710C-E325-6C2436DDA19D}.Debug|Any CPU.ActiveCfg = Debug|Any CPU
		{81864028-37A6-710C-E325-6C2436DDA19D}.Debug|Any CPU.Build.0 = Debug|Any CPU
		{81864028-37A6-710C-E325-6C2436DDA19D}.Release|Any CPU.ActiveCfg = Release|Any CPU
		{81864028-37A6-710C-E325-6C2436DDA19D}.Release|Any CPU.Build.0 = Release|Any CPU
	EndGlobalSection
	GlobalSection(SolutionProperties) = preSolution
		HideSolutionNode = FALSE
	EndGlobalSection
EndGlobal
